
Microsoft Visual Studio Solution File, Format Version 12.00
# Visual Studio Version 16
VisualStudioVersion = 16.0.30114.105
MinimumVisualStudioVersion = 10.0.40219.1
Project("{FAE04EC0-301F-11D3-BF4B-00C04F79EFBC}") = "Translator.Console", "Translator.Console.csproj", "{F11561DD-42CC-4BE5-9B6A-5A104157CE62}"
EndProject
Global
	GlobalSection(SolutionConfigurationPlatforms) = preSolution
		Debug|Any CPU = Debug|Any CPU
		Release|Any CPU = Release|Any CPU
	EndGlobalSection
	GlobalSection(ProjectConfigurationPlatforms) = postSolution
		{F11561DD-42CC-4BE5-9B6A-5A104157CE62}.Debug|Any CPU.ActiveCfg = Debug|Any CPU
		{F11561DD-42CC-4BE5-9B6A-5A104157CE62}.Debug|Any CPU.Build.0 = Debug|Any CPU
		{F11561DD-42CC-4BE5-9B6A-5A104157CE62}.Release|Any CPU.ActiveCfg = Release|Any CPU
		{F11561DD-42CC-4BE5-9B6A-5A104157CE62}.Release|Any CPU.Build.0 = Release|Any CPU
	EndGlobalSection
	GlobalSection(SolutionProperties) = preSolution
		HideSolutionNode = FALSE
	EndGlobalSection
	GlobalSection(ExtensibilityGlobals) = postSolution
		SolutionGuid = {FF7B5A13-65E9-4A04-8291-4FC07C5AC72A}
	EndGlobalSection
EndGlobal
